
Microsoft Visual Studio Solution File, Format Version 12.00
# Visual Studio Version 17
VisualStudioVersion = 17.4.33403.182
MinimumVisualStudioVersion = 10.0.40219.1
Project("{9A19103F-16F7-4668-BE54-9A1E7A4F7556}") = "ShopOnline.Web", "ShopOnline.Web\ShopOnline.Web.csproj", "{1569D794-DC27-4537-8205-6E8CF8720E03}"
EndProject
Project("{9A19103F-16F7-4668-BE54-9A1E7A4F7556}") = "ShopOnline.API", "ShopOnline.API\ShopOnline.API.csproj", "{D175A1F7-1C23-4480-AEB0-F6B13D5AD13C}"
EndProject
Project("{FAE04EC0-301F-11D3-BF4B-00C04F79EFBC}") = "ShopOnline.Models", "ShopOnline.Models\ShopOnline.Models.csproj", "{23E655AE-3AF7-4285-85A9-F9B9838568F7}"
EndProject
Global
	GlobalSection(SolutionConfigurationPlatforms) = preSolution
		Debug|Any CPU = Debug|Any CPU
		Release|Any CPU = Release|Any CPU
	EndGlobalSection
	GlobalSection(ProjectConfigurationPlatforms) = postSolution
		{1569D794-DC27-4537-8205-6E8CF8720E03}.Debug|Any CPU.ActiveCfg = Debug|Any CPU
		{1569D794-DC27-4537-8205-6E8CF8720E03}.Debug|Any CPU.Build.0 = Debug|Any CPU
		{1569D794-DC27-4537-8205-6E8CF8720E03}.Release|Any CPU.ActiveCfg = Release|Any CPU
		{1569D794-DC27-4537-8205-6E8CF8720E03}.Release|Any CPU.Build.0 = Release|Any CPU
		{D175A1F7-1C23-4480-AEB0-F6B13D5AD13C}.Debug|Any CPU.ActiveCfg = Debug|Any CPU
		{D175A1F7-1C23-4480-AEB0-F6B13D5AD13C}.Debug|Any CPU.Build.0 = Debug|Any CPU
		{D175A1F7-1C23-4480-AEB0-F6B13D5AD13C}.Release|Any CPU.ActiveCfg = Release|Any CPU
		{D175A1F7-1C23-4480-AEB0-F6B13D5AD13C}.Release|Any CPU.Build.0 = Release|Any CPU
		{23E655AE-3AF7-4285-85A9-F9B9838568F7}.Debug|Any CPU.ActiveCfg = Debug|Any CPU
		{23E655AE-3AF7-4285-85A9-F9B9838568F7}.Debug|Any CPU.Build.0 = Debug|Any CPU
		{23E655AE-3AF7-4285-85A9-F9B9838568F7}.Release|Any CPU.ActiveCfg = Release|Any CPU
		{23E655AE-3AF7-4285-85A9-F9B9838568F7}.Release|Any CPU.Build.0 = Release|Any CPU
	EndGlobalSection
	GlobalSection(SolutionProperties) = preSolution
		HideSolutionNode = FALSE
	EndGlobalSection
	GlobalSection(ExtensibilityGlobals) = postSolution
		SolutionGuid = {BCED1420-07DF-4A7A-949D-BABB2BF4971F}
	EndGlobalSection
EndGlobal
